
Microsoft Visual Studio Solution File, Format Version 12.00
# Visual Studio Version 16
VisualStudioVersion = 16.0.30523.141
MinimumVisualStudioVersion = 10.0.40219.1
Project("{9A19103F-16F7-4668-BE54-9A1E7A4F7556}") = "RegistrationAPI", "RegistrationAPI\RegistrationAPI.csproj", "{B0D497F9-C3C5-44FB-8416-72674E972827}"
EndProject
Project("{9A19103F-16F7-4668-BE54-9A1E7A4F7556}") = "Common", "..\..\Component\Common\Common\Common.csproj", "{7DEE8B89-E9E9-4F02-A2AF-6C75D0F5E9AA}"
EndProject
Global
	GlobalSection(SolutionConfigurationPlatforms) = preSolution
		Debug|Any CPU = Debug|Any CPU
		Release|Any CPU = Release|Any CPU
	EndGlobalSection
	GlobalSection(ProjectConfigurationPlatforms) = postSolution
		{B0D497F9-C3C5-44FB-8416-72674E972827}.Debug|Any CPU.ActiveCfg = Debug|Any CPU
		{B0D497F9-C3C5-44FB-8416-72674E972827}.Debug|Any CPU.Build.0 = Debug|Any CPU
		{B0D497F9-C3C5-44FB-8416-72674E972827}.Release|Any CPU.ActiveCfg = Release|Any CPU
		{B0D497F9-C3C5-44FB-8416-72674E972827}.Release|Any CPU.Build.0 = Release|Any CPU
		{7DEE8B89-E9E9-4F02-A2AF-6C75D0F5E9AA}.Debug|Any CPU.ActiveCfg = Debug|Any CPU
		{7DEE8B89-E9E9-4F02-A2AF-6C75D0F5E9AA}.Debug|Any CPU.Build.0 = Debug|Any CPU
		{7DEE8B89-E9E9-4F02-A2AF-6C75D0F5E9AA}.Release|Any CPU.ActiveCfg = Release|Any CPU
		{7DEE8B89-E9E9-4F02-A2AF-6C75D0F5E9AA}.Release|Any CPU.Build.0 = Release|Any CPU
	EndGlobalSection
	GlobalSection(SolutionProperties) = preSolution
		HideSolutionNode = FALSE
	EndGlobalSection
	GlobalSection(ExtensibilityGlobals) = postSolution
		SolutionGuid = {29E88B34-AE7F-4721-BAA2-F52C4DD53945}
	EndGlobalSection
EndGlobal
